
Microsoft Visual Studio Solution File, Format Version 12.00
# Visual Studio 15
VisualStudioVersion = 15.0.26730.12
MinimumVisualStudioVersion = 10.0.40219.1
Project("{FAE04EC0-301F-11D3-BF4B-00C04F79EFBC}") = "TuringMachine", "TuringMachine\TuringMachine.csproj", "{35EED8F1-30BA-4752-9A8A-A451BBC4DD0C}"
EndProject
Global
	GlobalSection(SolutionConfigurationPlatforms) = preSolution
		Debug|Any CPU = Debug|Any CPU
		Release|Any CPU = Release|Any CPU
	EndGlobalSection
	GlobalSection(ProjectConfigurationPlatforms) = postSolution
		{35EED8F1-30BA-4752-9A8A-A451BBC4DD0C}.Debug|Any CPU.ActiveCfg = Debug|Any CPU
		{35EED8F1-30BA-4752-9A8A-A451BBC4DD0C}.Debug|Any CPU.Build.0 = Debug|Any CPU
		{35EED8F1-30BA-4752-9A8A-A451BBC4DD0C}.Release|Any CPU.ActiveCfg = Release|Any CPU
		{35EED8F1-30BA-4752-9A8A-A451BBC4DD0C}.Release|Any CPU.Build.0 = Release|Any CPU
	EndGlobalSection
	GlobalSection(SolutionProperties) = preSolution
		HideSolutionNode = FALSE
	EndGlobalSection
	GlobalSection(ExtensibilityGlobals) = postSolution
		SolutionGuid = {CBC7D43B-6015-4A27-92A1-80B925EDB5E1}
	EndGlobalSection
EndGlobal
